// !$*UTF8*$!
{
	archiveVersion = 1;
	classes = {
	};
	objectVersion = 51;
	objects = {

/* Begin PBXBuildFile section */
		8E0968A127744EF800A19D0A /* LoginViewController.swift in Sources */ = {isa = PBXBuildFile; fileRef = 8E0968A027744EF800A19D0A /* LoginViewController.swift */; };
		8E0B833C275F428700396E32 /* AppDelegate.swift in Sources */ = {isa = PBXBuildFile; fileRef = 8E0B833B275F428700396E32 /* AppDelegate.swift */; };
		8E0B833E275F428700396E32 /* SceneDelegate.swift in Sources */ = {isa = PBXBuildFile; fileRef = 8E0B833D275F428700396E32 /* SceneDelegate.swift */; };
		8E0B8340275F428700396E32 /* CafeViewController.swift in Sources */ = {isa = PBXBuildFile; fileRef = 8E0B833F275F428700396E32 /* CafeViewController.swift */; };
		8E0B8343275F428700396E32 /* Main.storyboard in Resources */ = {isa = PBXBuildFile; fileRef = 8E0B8341275F428700396E32 /* Main.storyboard */; };
		8E0B8345275F428800396E32 /* Assets.xcassets in Resources */ = {isa = PBXBuildFile; fileRef = 8E0B8344275F428800396E32 /* Assets.xcassets */; };
		8E0B8348275F428800396E32 /* LaunchScreen.storyboard in Resources */ = {isa = PBXBuildFile; fileRef = 8E0B8346275F428800396E32 /* LaunchScreen.storyboard */; };
		8E0B8350275F44E800396E32 /* CafeCollectionViewCell.swift in Sources */ = {isa = PBXBuildFile; fileRef = 8E0B834F275F44E800396E32 /* CafeCollectionViewCell.swift */; };
		8E0B8352275F497E00396E32 /* CafeGuide.swift in Sources */ = {isa = PBXBuildFile; fileRef = 8E0B8351275F497E00396E32 /* CafeGuide.swift */; };
		8E0B8354275F754300396E32 /* CategoriesLabelCell.swift in Sources */ = {isa = PBXBuildFile; fileRef = 8E0B8353275F754300396E32 /* CategoriesLabelCell.swift */; };
		8E0B835A275F9D9200396E32 /* PhotoCollectionCell.swift in Sources */ = {isa = PBXBuildFile; fileRef = 8E0B8359275F9D9200396E32 /* PhotoCollectionCell.swift */; };
		8E21C4FC276F26B600225A0B /* favoriteViewController.swift in Sources */ = {isa = PBXBuildFile; fileRef = 8E21C4FB276F26B600225A0B /* favoriteViewController.swift */; };
		8E28466D27817DB900DCFBA2 /* imageCafeCollectionViewCell.swift in Sources */ = {isa = PBXBuildFile; fileRef = 8E28466C27817DB900DCFBA2 /* imageCafeCollectionViewCell.swift */; };
		8E28466F2781980A00DCFBA2 /* AddBestCafeCell.swift in Sources */ = {isa = PBXBuildFile; fileRef = 8E28466E2781980A00DCFBA2 /* AddBestCafeCell.swift */; };
		8E2990C02779F65900D62650 /* ForgotYourPasswordVC.swift in Sources */ = {isa = PBXBuildFile; fileRef = 8E2990BF2779F65900D62650 /* ForgotYourPasswordVC.swift */; };
		8E35F8A2278469EE009675FE /* OwnerViewController.swift in Sources */ = {isa = PBXBuildFile; fileRef = 8E35F8A1278469EE009675FE /* OwnerViewController.swift */; };
		8E6CBFB92782E67000597B89 /* Colors.swift in Sources */ = {isa = PBXBuildFile; fileRef = 8E6CBFB82782E67000597B89 /* Colors.swift */; };
		8E7D99EA2768ED8400F599F5 /* BestCafe.swift in Sources */ = {isa = PBXBuildFile; fileRef = 8E7D99E92768ED8400F599F5 /* BestCafe.swift */; };
		8E90A92F2770ACF80081CD83 /* CollectionReusableView.swift in Sources */ = {isa = PBXBuildFile; fileRef = 8E90A92E2770ACF80081CD83 /* CollectionReusableView.swift */; };
		8EAABFE3277DA59800A48C55 /* EditCollectionViewCell.swift in Sources */ = {isa = PBXBuildFile; fileRef = 8EAABFE2277DA59800A48C55 /* EditCollectionViewCell.swift */; };
		8EAABFE5277DA5C300A48C55 /* EditViewController.swift in Sources */ = {isa = PBXBuildFile; fileRef = 8EAABFE4277DA5C300A48C55 /* EditViewController.swift */; };
		8EAABFE7277DD19300A48C55 /* AddViewController.swift in Sources */ = {isa = PBXBuildFile; fileRef = 8EAABFE6277DD19300A48C55 /* AddViewController.swift */; };
		8ECFB3822773160F00E9251C /* GoogleService-Info.plist in Resources */ = {isa = PBXBuildFile; fileRef = 8ECFB3802773156D00E9251C /* GoogleService-Info.plist */; };
		8ED703C9277455EC00DC9DF7 /* SignUpViewController.swift in Sources */ = {isa = PBXBuildFile; fileRef = 8ED703C8277455EC00DC9DF7 /* SignUpViewController.swift */; };
		8EEC3C5D2768D2D6000011CF /* CoffeeDrinksCollectionViewCell.swift in Sources */ = {isa = PBXBuildFile; fileRef = 8EEC3C5C2768D2D6000011CF /* CoffeeDrinksCollectionViewCell.swift */; };
		8EEE0D272760F14200E541B6 /* ImageViewController.swift in Sources */ = {isa = PBXBuildFile; fileRef = 8EEE0D262760F14200E541B6 /* ImageViewController.swift */; };
		8EF4DB45277AE5F500F87290 /* logOutViewController.swift in Sources */ = {isa = PBXBuildFile; fileRef = 8EF4DB44277AE5F500F87290 /* logOutViewController.swift */; };
		8EF4DB47277AED2400F87290 /* Extension.swift in Sources */ = {isa = PBXBuildFile; fileRef = 8EF4DB46277AED2400F87290 /* Extension.swift */; };
		8EF4DB49277AFAFF00F87290 /* ModificationViewController.swift in Sources */ = {isa = PBXBuildFile; fileRef = 8EF4DB48277AFAFF00F87290 /* ModificationViewController.swift */; };
		8EF4DB4B277AFD8F00F87290 /* aboutTheAppVC.swift in Sources */ = {isa = PBXBuildFile; fileRef = 8EF4DB4A277AFD8F00F87290 /* aboutTheAppVC.swift */; };
		8EF4DB4D277B2DB800F87290 /* MainViewController.swift in Sources */ = {isa = PBXBuildFile; fileRef = 8EF4DB4C277B2DB800F87290 /* MainViewController.swift */; };
		D3CB24883EE3B50FB0795217 /* Pods_CafeGuide.framework in Frameworks */ = {isa = PBXBuildFile; fileRef = E56FE85652F7D1A41F6A3862 /* Pods_CafeGuide.framework */; };
/* End PBXBuildFile section */

/* Begin PBXFileReference section */
		50500C225C49349751CCD3F7 /* Pods-CafeGuide.debug.xcconfig */ = {isa = PBXFileReference; includeInIndex = 1; lastKnownFileType = text.xcconfig; name = "Pods-CafeGuide.debug.xcconfig"; path = "Target Support Files/Pods-CafeGuide/Pods-CafeGuide.debug.xcconfig"; sourceTree = "<group>"; };
		5B2895CCA5F8F44367913250 /* Pods-CafeGuide.release.xcconfig */ = {isa = PBXFileReference; includeInIndex = 1; lastKnownFileType = text.xcconfig; name = "Pods-CafeGuide.release.xcconfig"; path = "Target Support Files/Pods-CafeGuide/Pods-CafeGuide.release.xcconfig"; sourceTree = "<group>"; };
		8E0968A027744EF800A19D0A /* LoginViewController.swift */ = {isa = PBXFileReference; lastKnownFileType = sourcecode.swift; path = LoginViewController.swift; sourceTree = "<group>"; };
		8E0B8338275F428700396E32 /* CafeGuide.app */ = {isa = PBXFileReference; explicitFileType = wrapper.application; includeInIndex = 0; path = CafeGuide.app; sourceTree = BUILT_PRODUCTS_DIR; };
		8E0B833B275F428700396E32 /* AppDelegate.swift */ = {isa = PBXFileReference; lastKnownFileType = sourcecode.swift; path = AppDelegate.swift; sourceTree = "<group>"; };
		8E0B833D275F428700396E32 /* SceneDelegate.swift */ = {isa = PBXFileReference; lastKnownFileType = sourcecode.swift; path = SceneDelegate.swift; sourceTree = "<group>"; };
		8E0B833F275F428700396E32 /* CafeViewController.swift */ = {isa = PBXFileReference; lastKnownFileType = sourcecode.swift; path = CafeViewController.swift; sourceTree = "<group>"; };
		8E0B8342275F428700396E32 /* Base */ = {isa = PBXFileReference; lastKnownFileType = file.storyboard; name = Base; path = Base.lproj/Main.storyboard; sourceTree = "<group>"; };
		8E0B8344275F428800396E32 /* Assets.xcassets */ = {isa = PBXFileReference; lastKnownFileType = folder.assetcatalog; path = Assets.xcassets; sourceTree = "<group>"; };
		8E0B8347275F428800396E32 /* Base */ = {isa = PBXFileReference; lastKnownFileType = file.storyboard; name = Base; path = Base.lproj/LaunchScreen.storyboard; sourceTree = "<group>"; };
		8E0B8349275F428800396E32 /* Info.plist */ = {isa = PBXFileReference; lastKnownFileType = text.plist.xml; path = Info.plist; sourceTree = "<group>"; };
		8E0B834F275F44E800396E32 /* CafeCollectionViewCell.swift */ = {isa = PBXFileReference; lastKnownFileType = sourcecode.swift; path = CafeCollectionViewCell.swift; sourceTree = "<group>"; };
		8E0B8351275F497E00396E32 /* CafeGuide.swift */ = {isa = PBXFileReference; lastKnownFileType = sourcecode.swift; path = CafeGuide.swift; sourceTree = "<group>"; };
		8E0B8353275F754300396E32 /* CategoriesLabelCell.swift */ = {isa = PBXFileReference; lastKnownFileType = sourcecode.swift; path = CategoriesLabelCell.swift; sourceTree = "<group>"; };
		8E0B8359275F9D9200396E32 /* PhotoCollectionCell.swift */ = {isa = PBXFileReference; lastKnownFileType = sourcecode.swift; path = PhotoCollectionCell.swift; sourceTree = "<group>"; };
		8E21C4FB276F26B600225A0B /* favoriteViewController.swift */ = {isa = PBXFileReference; lastKnownFileType = sourcecode.swift; path = favoriteViewController.swift; sourceTree = "<group>"; };
		8E28466C27817DB900DCFBA2 /* imageCafeCollectionViewCell.swift */ = {isa = PBXFileReference; lastKnownFileType = sourcecode.swift; path = imageCafeCollectionViewCell.swift; sourceTree = "<group>"; };
		8E28466E2781980A00DCFBA2 /* AddBestCafeCell.swift */ = {isa = PBXFileReference; lastKnownFileType = sourcecode.swift; name = AddBestCafeCell.swift; path = CafeGuide/cell/AddBestCafeCell.swift; sourceTree = SOURCE_ROOT; };
		8E2990BF2779F65900D62650 /* ForgotYourPasswordVC.swift */ = {isa = PBXFileReference; lastKnownFileType = sourcecode.swift; path = ForgotYourPasswordVC.swift; sourceTree = "<group>"; };
		8E35F8A1278469EE009675FE /* OwnerViewController.swift */ = {isa = PBXFileReference; lastKnownFileType = sourcecode.swift; path = OwnerViewController.swift; sourceTree = "<group>"; };
		8E6CBFB82782E67000597B89 /* Colors.swift */ = {isa = PBXFileReference; lastKnownFileType = sourcecode.swift; path = Colors.swift; sourceTree = "<group>"; };
		8E7D99E92768ED8400F599F5 /* BestCafe.swift */ = {isa = PBXFileReference; fileEncoding = 4; lastKnownFileType = sourcecode.swift; path = BestCafe.swift; sourceTree = "<group>"; };
		8E90A92E2770ACF80081CD83 /* CollectionReusableView.swift */ = {isa = PBXFileReference; lastKnownFileType = sourcecode.swift; path = CollectionReusableView.swift; sourceTree = "<group>"; };
		8EAABFE2277DA59800A48C55 /* EditCollectionViewCell.swift */ = {isa = PBXFileReference; lastKnownFileType = sourcecode.swift; path = EditCollectionViewCell.swift; sourceTree = "<group>"; };
		8EAABFE4277DA5C300A48C55 /* EditViewController.swift */ = {isa = PBXFileReference; lastKnownFileType = sourcecode.swift; path = EditViewController.swift; sourceTree = "<group>"; };
		8EAABFE6277DD19300A48C55 /* AddViewController.swift */ = {isa = PBXFileReference; lastKnownFileType = sourcecode.swift; path = AddViewController.swift; sourceTree = "<group>"; };
		8ECFB3802773156D00E9251C /* GoogleService-Info.plist */ = {isa = PBXFileReference; fileEncoding = 4; lastKnownFileType = text.plist.xml; path = "GoogleService-Info.plist"; sourceTree = "<group>"; };
		8ED703C8277455EC00DC9DF7 /* SignUpViewController.swift */ = {isa = PBXFileReference; lastKnownFileType = sourcecode.swift; path = SignUpViewController.swift; sourceTree = "<group>"; };
		8EEC3C5C2768D2D6000011CF /* CoffeeDrinksCollectionViewCell.swift */ = {isa = PBXFileReference; lastKnownFileType = sourcecode.swift; path = CoffeeDrinksCollectionViewCell.swift; sourceTree = "<group>"; };
		8EEE0D262760F14200E541B6 /* ImageViewController.swift */ = {isa = PBXFileReference; lastKnownFileType = sourcecode.swift; path = ImageViewController.swift; sourceTree = "<group>"; };
		8EF4DB44277AE5F500F87290 /* logOutViewController.swift */ = {isa = PBXFileReference; lastKnownFileType = sourcecode.swift; path = logOutViewController.swift; sourceTree = "<group>"; };
		8EF4DB46277AED2400F87290 /* Extension.swift */ = {isa = PBXFileReference; lastKnownFileType = sourcecode.swift; path = Extension.swift; sourceTree = "<group>"; };
		8EF4DB48277AFAFF00F87290 /* ModificationViewController.swift */ = {isa = PBXFileReference; lastKnownFileType = sourcecode.swift; path = ModificationViewController.swift; sourceTree = "<group>"; };
		8EF4DB4A277AFD8F00F87290 /* aboutTheAppVC.swift */ = {isa = PBXFileReference; lastKnownFileType = sourcecode.swift; path = aboutTheAppVC.swift; sourceTree = "<group>"; };
		8EF4DB4C277B2DB800F87290 /* MainViewController.swift */ = {isa = PBXFileReference; lastKnownFileType = sourcecode.swift; path = MainViewController.swift; sourceTree = "<group>"; };
		E56FE85652F7D1A41F6A3862 /* Pods_CafeGuide.framework */ = {isa = PBXFileReference; explicitFileType = wrapper.framework; includeInIndex = 0; path = Pods_CafeGuide.framework; sourceTree = BUILT_PRODUCTS_DIR; };
/* End PBXFileReference section */

/* Begin PBXFrameworksBuildPhase section */
		8E0B8335275F428700396E32 /* Frameworks */ = {
			isa = PBXFrameworksBuildPhase;
			buildActionMask = 2147483647;
			files = (
				D3CB24883EE3B50FB0795217 /* Pods_CafeGuide.framework in Frameworks */,
			);
			runOnlyForDeploymentPostprocessing = 0;
		};
/* End PBXFrameworksBuildPhase section */

/* Begin PBXGroup section */
		35F1EAAB662836781041DC65 /* Pods */ = {
			isa = PBXGroup;
			children = (
				50500C225C49349751CCD3F7 /* Pods-CafeGuide.debug.xcconfig */,
				5B2895CCA5F8F44367913250 /* Pods-CafeGuide.release.xcconfig */,
			);
			path = Pods;
			sourceTree = "<group>";
		};
		8E0B832F275F428700396E32 = {
			isa = PBXGroup;
			children = (
				8E0B833A275F428700396E32 /* CafeGuide */,
				8E0B8339275F428700396E32 /* Products */,
				35F1EAAB662836781041DC65 /* Pods */,
				D21E5C38CB01088BCA129688 /* Frameworks */,
			);
			sourceTree = "<group>";
		};
		8E0B8339275F428700396E32 /* Products */ = {
			isa = PBXGroup;
			children = (
				8E0B8338275F428700396E32 /* CafeGuide.app */,
			);
			name = Products;
			sourceTree = "<group>";
		};
		8E0B833A275F428700396E32 /* CafeGuide */ = {
			isa = PBXGroup;
			children = (
				8ECFB3802773156D00E9251C /* GoogleService-Info.plist */,
				8E8D8D0C27622CC6006F4FE2 /* Model */,
				8E8D8D0B27622C35006F4FE2 /* View */,
				8E8D8D0A27622BDD006F4FE2 /* cell */,
				8E8D8D0927622BB3006F4FE2 /* Controller */,
				8E0B833B275F428700396E32 /* AppDelegate.swift */,
				8E0B833D275F428700396E32 /* SceneDelegate.swift */,
				8E0B8344275F428800396E32 /* Assets.xcassets */,
				8E0B8346275F428800396E32 /* LaunchScreen.storyboard */,
				8E0B8349275F428800396E32 /* Info.plist */,
			);
			path = CafeGuide;
			sourceTree = "<group>";
		};
		8E8D8D0927622BB3006F4FE2 /* Controller */ = {
			isa = PBXGroup;
			children = (
				8E0B833F275F428700396E32 /* CafeViewController.swift */,
				8EEE0D262760F14200E541B6 /* ImageViewController.swift */,
				8E21C4FB276F26B600225A0B /* favoriteViewController.swift */,
				8E0968A027744EF800A19D0A /* LoginViewController.swift */,
				8E2990BF2779F65900D62650 /* ForgotYourPasswordVC.swift */,
				8ED703C8277455EC00DC9DF7 /* SignUpViewController.swift */,
				8EF4DB44277AE5F500F87290 /* logOutViewController.swift */,
				8EF4DB48277AFAFF00F87290 /* ModificationViewController.swift */,
				8EF4DB4A277AFD8F00F87290 /* aboutTheAppVC.swift */,
				8EF4DB4C277B2DB800F87290 /* MainViewController.swift */,
				8EAABFE4277DA5C300A48C55 /* EditViewController.swift */,
				8EAABFE6277DD19300A48C55 /* AddViewController.swift */,
				8E35F8A1278469EE009675FE /* OwnerViewController.swift */,
			);
			path = Controller;
			sourceTree = "<group>";
		};
		8E8D8D0A27622BDD006F4FE2 /* cell */ = {
			isa = PBXGroup;
			children = (
				8E0B834F275F44E800396E32 /* CafeCollectionViewCell.swift */,
				8E0B8359275F9D9200396E32 /* PhotoCollectionCell.swift */,
				8E0B8353275F754300396E32 /* CategoriesLabelCell.swift */,
				8EEC3C5C2768D2D6000011CF /* CoffeeDrinksCollectionViewCell.swift */,
				8E90A92E2770ACF80081CD83 /* CollectionReusableView.swift */,
				8EAABFE2277DA59800A48C55 /* EditCollectionViewCell.swift */,
				8E28466C27817DB900DCFBA2 /* imageCafeCollectionViewCell.swift */,
				8E28466E2781980A00DCFBA2 /* AddBestCafeCell.swift */,
			);
			path = cell;
			sourceTree = "<group>";
		};
		8E8D8D0B27622C35006F4FE2 /* View */ = {
			isa = PBXGroup;
			children = (
				8E0B8341275F428700396E32 /* Main.storyboard */,
			);
			path = View;
			sourceTree = "<group>";
		};
		8E8D8D0C27622CC6006F4FE2 /* Model */ = {
			isa = PBXGroup;
			children = (
				8E0B8351275F497E00396E32 /* CafeGuide.swift */,
				8E7D99E92768ED8400F599F5 /* BestCafe.swift */,
				8EF4DB46277AED2400F87290 /* Extension.swift */,
				8E6CBFB82782E67000597B89 /* Colors.swift */,
			);
			path = Model;
			sourceTree = "<group>";
		};
		D21E5C38CB01088BCA129688 /* Frameworks */ = {
			isa = PBXGroup;
			children = (
				E56FE85652F7D1A41F6A3862 /* Pods_CafeGuide.framework */,
			);
			name = Frameworks;
			sourceTree = "<group>";
		};
/* End PBXGroup section */

/* Begin PBXNativeTarget section */
		8E0B8337275F428700396E32 /* CafeGuide */ = {
			isa = PBXNativeTarget;
			buildConfigurationList = 8E0B834C275F428800396E32 /* Build configuration list for PBXNativeTarget "CafeGuide" */;
			buildPhases = (
				32F58B37669F1239EF0D6003 /* [CP] Check Pods Manifest.lock */,
				8E0B8334275F428700396E32 /* Sources */,
				8E0B8335275F428700396E32 /* Frameworks */,
				8E0B8336275F428700396E32 /* Resources */,
				09D2F3FEB6A79FF2DDD7AEFD /* [CP] Embed Pods Frameworks */,
			);
			buildRules = (
			);
			dependencies = (
			);
			name = CafeGuide;
			productName = "Cafe-Guide-App-Abdulaziz-saleem";
			productReference = 8E0B8338275F428700396E32 /* CafeGuide.app */;
			productType = "com.apple.product-type.application";
		};
/* End PBXNativeTarget section */

/* Begin PBXProject section */
		8E0B8330275F428700396E32 /* Project object */ = {
			isa = PBXProject;
			attributes = {
				LastSwiftUpdateCheck = 1250;
				LastUpgradeCheck = 1250;
				TargetAttributes = {
					8E0B8337275F428700396E32 = {
						CreatedOnToolsVersion = 12.5;
					};
				};
			};
			buildConfigurationList = 8E0B8333275F428700396E32 /* Build configuration list for PBXProject "CafeGuide" */;
			compatibilityVersion = "Xcode 9.3";
			developmentRegion = en;
			hasScannedForEncodings = 0;
			knownRegions = (
				en,
				Base,
			);
			mainGroup = 8E0B832F275F428700396E32;
			productRefGroup = 8E0B8339275F428700396E32 /* Products */;
			projectDirPath = "";
			projectRoot = "";
			targets = (
				8E0B8337275F428700396E32 /* CafeGuide */,
			);
		};
/* End PBXProject section */

/* Begin PBXResourcesBuildPhase section */
		8E0B8336275F428700396E32 /* Resources */ = {
			isa = PBXResourcesBuildPhase;
			buildActionMask = 2147483647;
			files = (
				8E0B8348275F428800396E32 /* LaunchScreen.storyboard in Resources */,
				8ECFB3822773160F00E9251C /* GoogleService-Info.plist in Resources */,
				8E0B8345275F428800396E32 /* Assets.xcassets in Resources */,
				8E0B8343275F428700396E32 /* Main.storyboard in Resources */,
			);
			runOnlyForDeploymentPostprocessing = 0;
		};
/* End PBXResourcesBuildPhase section */

/* Begin PBXShellScriptBuildPhase section */
		09D2F3FEB6A79FF2DDD7AEFD /* [CP] Embed Pods Frameworks */ = {
			isa = PBXShellScriptBuildPhase;
			buildActionMask = 2147483647;
			files = (
			);
			inputFileListPaths = (
				"${PODS_ROOT}/Target Support Files/Pods-CafeGuide/Pods-CafeGuide-frameworks-${CONFIGURATION}-input-files.xcfilelist",
			);
			name = "[CP] Embed Pods Frameworks";
			outputFileListPaths = (
				"${PODS_ROOT}/Target Support Files/Pods-CafeGuide/Pods-CafeGuide-frameworks-${CONFIGURATION}-output-files.xcfilelist",
			);
			runOnlyForDeploymentPostprocessing = 0;
			shellPath = /bin/sh;
			shellScript = "\"${PODS_ROOT}/Target Support Files/Pods-CafeGuide/Pods-CafeGuide-frameworks.sh\"\n";
			showEnvVarsInLog = 0;
		};
		32F58B37669F1239EF0D6003 /* [CP] Check Pods Manifest.lock */ = {
			isa = PBXShellScriptBuildPhase;
			buildActionMask = 2147483647;
			files = (
			);
			inputFileListPaths = (
			);
			inputPaths = (
				"${PODS_PODFILE_DIR_PATH}/Podfile.lock",
				"${PODS_ROOT}/Manifest.lock",
			);
			name = "[CP] Check Pods Manifest.lock";
			outputFileListPaths = (
			);
			outputPaths = (
				"$(DERIVED_FILE_DIR)/Pods-CafeGuide-checkManifestLockResult.txt",
			);
			runOnlyForDeploymentPostprocessing = 0;
			shellPath = /bin/sh;
			shellScript = "diff \"${PODS_PODFILE_DIR_PATH}/Podfile.lock\" \"${PODS_ROOT}/Manifest.lock\" > /dev/null\nif [ $? != 0 ] ; then\n    # print error to STDERR\n    echo \"error: The sandbox is not in sync with the Podfile.lock. Run 'pod install' or update your CocoaPods installation.\" >&2\n    exit 1\nfi\n# This output is used by Xcode 'outputs' to avoid re-running this script phase.\necho \"SUCCESS\" > \"${SCRIPT_OUTPUT_FILE_0}\"\n";
			showEnvVarsInLog = 0;
		};
/* End PBXShellScriptBuildPhase section */

/* Begin PBXSourcesBuildPhase section */
		8E0B8334275F428700396E32 /* Sources */ = {
			isa = PBXSourcesBuildPhase;
			buildActionMask = 2147483647;
			files = (
				8EAABFE5277DA5C300A48C55 /* EditViewController.swift in Sources */,
				8EEE0D272760F14200E541B6 /* ImageViewController.swift in Sources */,
				8E7D99EA2768ED8400F599F5 /* BestCafe.swift in Sources */,
				8E0B8354275F754300396E32 /* CategoriesLabelCell.swift in Sources */,
				8E35F8A2278469EE009675FE /* OwnerViewController.swift in Sources */,
				8EF4DB49277AFAFF00F87290 /* ModificationViewController.swift in Sources */,
				8E0B8340275F428700396E32 /* CafeViewController.swift in Sources */,
				8ED703C9277455EC00DC9DF7 /* SignUpViewController.swift in Sources */,
				8E0B835A275F9D9200396E32 /* PhotoCollectionCell.swift in Sources */,
				8E90A92F2770ACF80081CD83 /* CollectionReusableView.swift in Sources */,
				8E0B8350275F44E800396E32 /* CafeCollectionViewCell.swift in Sources */,
				8EAABFE3277DA59800A48C55 /* EditCollectionViewCell.swift in Sources */,
				8E0B8352275F497E00396E32 /* CafeGuide.swift in Sources */,
				8EF4DB45277AE5F500F87290 /* logOutViewController.swift in Sources */,
				8EF4DB4B277AFD8F00F87290 /* aboutTheAppVC.swift in Sources */,
				8E0B833C275F428700396E32 /* AppDelegate.swift in Sources */,
				8E28466F2781980A00DCFBA2 /* AddBestCafeCell.swift in Sources */,
				8E0968A127744EF800A19D0A /* LoginViewController.swift in Sources */,
				8EF4DB4D277B2DB800F87290 /* MainViewController.swift in Sources */,
				8EF4DB47277AED2400F87290 /* Extension.swift in Sources */,
				8E0B833E275F428700396E32 /* SceneDelegate.swift in Sources */,
				8EEC3C5D2768D2D6000011CF /* CoffeeDrinksCollectionViewCell.swift in Sources */,
				8E6CBFB92782E67000597B89 /* Colors.swift in Sources */,
				8E28466D27817DB900DCFBA2 /* imageCafeCollectionViewCell.swift in Sources */,
				8E21C4FC276F26B600225A0B /* favoriteViewController.swift in Sources */,
				8EAABFE7277DD19300A48C55 /* AddViewController.swift in Sources */,
				8E2990C02779F65900D62650 /* ForgotYourPasswordVC.swift in Sources */,
			);
			runOnlyForDeploymentPostprocessing = 0;
		};
/* End PBXSourcesBuildPhase section */

/* Begin PBXVariantGroup section */
		8E0B8341275F428700396E32 /* Main.storyboard */ = {
			isa = PBXVariantGroup;
			children = (
				8E0B8342275F428700396E32 /* Base */,
			);
			name = Main.storyboard;
			sourceTree = "<group>";
		};
		8E0B8346275F428800396E32 /* LaunchScreen.storyboard */ = {
			isa = PBXVariantGroup;
			children = (
				8E0B8347275F428800396E32 /* Base */,
			);
			name = LaunchScreen.storyboard;
			sourceTree = "<group>";
		};
/* End PBXVariantGroup section */

/* Begin XCBuildConfiguration section */
		8E0B834A275F428800396E32 /* Debug */ = {
			isa = XCBuildConfiguration;
			buildSettings = {
				ALWAYS_SEARCH_USER_PATHS = NO;
				CLANG_ANALYZER_NONNULL = YES;
				CLANG_ANALYZER_NUMBER_OBJECT_CONVERSION = YES_AGGRESSIVE;
				CLANG_CXX_LANGUAGE_STANDARD = "gnu++14";
				CLANG_CXX_LIBRARY = "libc++";
				CLANG_ENABLE_MODULES = YES;
				CLANG_ENABLE_OBJC_ARC = YES;
				CLANG_ENABLE_OBJC_WEAK = YES;
				CLANG_WARN_BLOCK_CAPTURE_AUTORELEASING = YES;
				CLANG_WARN_BOOL_CONVERSION = YES;
				CLANG_WARN_COMMA = YES;
				CLANG_WARN_CONSTANT_CONVERSION = YES;
				CLANG_WARN_DEPRECATED_OBJC_IMPLEMENTATIONS = YES;
				CLANG_WARN_DIRECT_OBJC_ISA_USAGE = YES_ERROR;
				CLANG_WARN_DOCUMENTATION_COMMENTS = YES;
				CLANG_WARN_EMPTY_BODY = YES;
				CLANG_WARN_ENUM_CONVERSION = YES;
				CLANG_WARN_INFINITE_RECURSION = YES;
				CLANG_WARN_INT_CONVERSION = YES;
				CLANG_WARN_NON_LITERAL_NULL_CONVERSION = YES;
				CLANG_WARN_OBJC_IMPLICIT_RETAIN_SELF = YES;
				CLANG_WARN_OBJC_LITERAL_CONVERSION = YES;
				CLANG_WARN_OBJC_ROOT_CLASS = YES_ERROR;
				CLANG_WARN_QUOTED_INCLUDE_IN_FRAMEWORK_HEADER = YES;
				CLANG_WARN_RANGE_LOOP_ANALYSIS = YES;
				CLANG_WARN_STRICT_PROTOTYPES = YES;
				CLANG_WARN_SUSPICIOUS_MOVE = YES;
				CLANG_WARN_UNGUARDED_AVAILABILITY = YES_AGGRESSIVE;
				CLANG_WARN_UNREACHABLE_CODE = YES;
				CLANG_WARN__DUPLICATE_METHOD_MATCH = YES;
				COPY_PHASE_STRIP = NO;
				DEBUG_INFORMATION_FORMAT = dwarf;
				ENABLE_STRICT_OBJC_MSGSEND = YES;
				ENABLE_TESTABILITY = YES;
				GCC_C_LANGUAGE_STANDARD = gnu11;
				GCC_DYNAMIC_NO_PIC = NO;
				GCC_NO_COMMON_BLOCKS = YES;
				GCC_OPTIMIZATION_LEVEL = 0;
				GCC_PREPROCESSOR_DEFINITIONS = (
					"DEBUG=1",
					"$(inherited)",
				);
				GCC_WARN_64_TO_32_BIT_CONVERSION = YES;
				GCC_WARN_ABOUT_RETURN_TYPE = YES_ERROR;
				GCC_WARN_UNDECLARED_SELECTOR = YES;
				GCC_WARN_UNINITIALIZED_AUTOS = YES_AGGRESSIVE;
				GCC_WARN_UNUSED_FUNCTION = YES;
				GCC_WARN_UNUSED_VARIABLE = YES;
				IPHONEOS_DEPLOYMENT_TARGET = 14.5;
				MTL_ENABLE_DEBUG_INFO = INCLUDE_SOURCE;
				MTL_FAST_MATH = YES;
				ONLY_ACTIVE_ARCH = YES;
				SDKROOT = iphoneos;
				SWIFT_ACTIVE_COMPILATION_CONDITIONS = DEBUG;
				SWIFT_OPTIMIZATION_LEVEL = "-Onone";
			};
			name = Debug;
		};
		8E0B834B275F428800396E32 /* Release */ = {
			isa = XCBuildConfiguration;
			buildSettings = {
				ALWAYS_SEARCH_USER_PATHS = NO;
				CLANG_ANALYZER_NONNULL = YES;
				CLANG_ANALYZER_NUMBER_OBJECT_CONVERSION = YES_AGGRESSIVE;
				CLANG_CXX_LANGUAGE_STANDARD = "gnu++14";
				CLANG_CXX_LIBRARY = "libc++";
				CLANG_ENABLE_MODULES = YES;
				CLANG_ENABLE_OBJC_ARC = YES;
				CLANG_ENABLE_OBJC_WEAK = YES;
				CLANG_WARN_BLOCK_CAPTURE_AUTORELEASING = YES;
				CLANG_WARN_BOOL_CONVERSION = YES;
				CLANG_WARN_COMMA = YES;
				CLANG_WARN_CONSTANT_CONVERSION = YES;
				CLANG_WARN_DEPRECATED_OBJC_IMPLEMENTATIONS = YES;
				CLANG_WARN_DIRECT_OBJC_ISA_USAGE = YES_ERROR;
				CLANG_WARN_DOCUMENTATION_COMMENTS = YES;
				CLANG_WARN_EMPTY_BODY = YES;
				CLANG_WARN_ENUM_CONVERSION = YES;
				CLANG_WARN_INFINITE_RECURSION = YES;
				CLANG_WARN_INT_CONVERSION = YES;
				CLANG_WARN_NON_LITERAL_NULL_CONVERSION = YES;
				CLANG_WARN_OBJC_IMPLICIT_RETAIN_SELF = YES;
				CLANG_WARN_OBJC_LITERAL_CONVERSION = YES;
				CLANG_WARN_OBJC_ROOT_CLASS = YES_ERROR;
				CLANG_WARN_QUOTED_INCLUDE_IN_FRAMEWORK_HEADER = YES;
				CLANG_WARN_RANGE_LOOP_ANALYSIS = YES;
				CLANG_WARN_STRICT_PROTOTYPES = YES;
				CLANG_WARN_SUSPICIOUS_MOVE = YES;
				CLANG_WARN_UNGUARDED_AVAILABILITY = YES_AGGRESSIVE;
				CLANG_WARN_UNREACHABLE_CODE = YES;
				CLANG_WARN__DUPLICATE_METHOD_MATCH = YES;
				COPY_PHASE_STRIP = NO;
				DEBUG_INFORMATION_FORMAT = "dwarf-with-dsym";
				ENABLE_NS_ASSERTIONS = NO;
				ENABLE_STRICT_OBJC_MSGSEND = YES;
				GCC_C_LANGUAGE_STANDARD = gnu11;
				GCC_NO_COMMON_BLOCKS = YES;
				GCC_WARN_64_TO_32_BIT_CONVERSION = YES;
				GCC_WARN_ABOUT_RETURN_TYPE = YES_ERROR;
				GCC_WARN_UNDECLARED_SELECTOR = YES;
				GCC_WARN_UNINITIALIZED_AUTOS = YES_AGGRESSIVE;
				GCC_WARN_UNUSED_FUNCTION = YES;
				GCC_WARN_UNUSED_VARIABLE = YES;
				IPHONEOS_DEPLOYMENT_TARGET = 14.5;
				MTL_ENABLE_DEBUG_INFO = NO;
				MTL_FAST_MATH = YES;
				SDKROOT = iphoneos;
				SWIFT_COMPILATION_MODE = wholemodule;
				SWIFT_OPTIMIZATION_LEVEL = "-O";
				VALIDATE_PRODUCT = YES;
			};
			name = Release;
		};
		8E0B834D275F428800396E32 /* Debug */ = {
			isa = XCBuildConfiguration;
			baseConfigurationReference = 50500C225C49349751CCD3F7 /* Pods-CafeGuide.debug.xcconfig */;
			buildSettings = {
				ASSETCATALOG_COMPILER_APPICON_NAME = AppIcon;
				ASSETCATALOG_COMPILER_GLOBAL_ACCENT_COLOR_NAME = AccentColor;
				CODE_SIGN_STYLE = Automatic;
				DEVELOPMENT_TEAM = T8TF9DA8WJ;
				INFOPLIST_FILE = CafeGuide/Info.plist;
				LD_RUNPATH_SEARCH_PATHS = (
					"$(inherited)",
					"@executable_path/Frameworks",
				);
				PRODUCT_BUNDLE_IDENTIFIER = com.abdualziz.CafeGuide;
				PRODUCT_NAME = "$(TARGET_NAME)";
				SWIFT_VERSION = 5.0;
				TARGETED_DEVICE_FAMILY = "1,2";
			};
			name = Debug;
		};
		8E0B834E275F428800396E32 /* Release */ = {
			isa = XCBuildConfiguration;
			baseConfigurationReference = 5B2895CCA5F8F44367913250 /* Pods-CafeGuide.release.xcconfig */;
			buildSettings = {
				ASSETCATALOG_COMPILER_APPICON_NAME = AppIcon;
				ASSETCATALOG_COMPILER_GLOBAL_ACCENT_COLOR_NAME = AccentColor;
				CODE_SIGN_STYLE = Automatic;
				DEVELOPMENT_TEAM = T8TF9DA8WJ;
				INFOPLIST_FILE = CafeGuide/Info.plist;
				LD_RUNPATH_SEARCH_PATHS = (
					"$(inherited)",
					"@executable_path/Frameworks",
				);
				PRODUCT_BUNDLE_IDENTIFIER = com.abdualziz.CafeGuide;
				PRODUCT_NAME = "$(TARGET_NAME)";
				SWIFT_VERSION = 5.0;
				TARGETED_DEVICE_FAMILY = "1,2";
			};
			name = Release;
		};
/* End XCBuildConfiguration section */

/* Begin XCConfigurationList section */
		8E0B8333275F428700396E32 /* Build configuration list for PBXProject "CafeGuide" */ = {
			isa = XCConfigurationList;
			buildConfigurations = (
				8E0B834A275F428800396E32 /* Debug */,
				8E0B834B275F428800396E32 /* Release */,
			);
			defaultConfigurationIsVisible = 0;
			defaultConfigurationName = Release;
		};
		8E0B834C275F428800396E32 /* Build configuration list for PBXNativeTarget "CafeGuide" */ = {
			isa = XCConfigurationList;
			buildConfigurations = (
				8E0B834D275F428800396E32 /* Debug */,
				8E0B834E275F428800396E32 /* Release */,
			);
			defaultConfigurationIsVisible = 0;
			defaultConfigurationName = Release;
		};
/* End XCConfigurationList section */
	};
	rootObject = 8E0B8330275F428700396E32 /* Project object */;
}
